{
  "version": 4,
  "terraform_version": "0.12.6",
  "serial": 1,
  "lineage": "64dee426-93d5-db2c-25cc-287ca62e11c7",
  "outputs": {},
  "resources": [
    {
      "mode": "managed",
      "type": "docker_image",
      "name": "image_id",
      "provider": "provider.docker",
      "instances": [
        {
          "schema_version": 0,
          "attributes": {
            "id": "sha256:7346b59dc3ece21d4b0d325074e78001fc4da681ef12f82ebb1fe5dccfce7ee1ghost:latest",
            "keep_locally": null,
            "latest": "sha256:7346b59dc3ece21d4b0d325074e78001fc4da681ef12f82ebb1fe5dccfce7ee1",
            "name": "ghost:latest",
            "pull_trigger": null,
            "pull_triggers": null
          },
          "private": "bnVsbA=="
        }
      ]
    }
  ]
}
