{
  "version": 4,
  "terraform_version": "0.12.8",
  "serial": 12,
  "lineage": "8356c056-d657-4904-effd-172c98767d5a",
  "outputs": {
    "instance_ip_addr": {
      "value": "34.254.228.42",
      "type": "string"
    }
  },
  "resources": [
    {
      "mode": "managed",
      "type": "aws_instance",
      "name": "SI_SERVER",
      "provider": "provider.aws",
      "instances": [
        {
          "schema_version": 1,
          "attributes": {
            "ami": "ami-028188d9b49b32a80",
            "arn": "arn:aws:ec2:eu-west-1:861019856428:instance/i-0f9de35127acf4cd8",
            "associate_public_ip_address": true,
            "availability_zone": "eu-west-1b",
            "cpu_core_count": 1,
            "cpu_threads_per_core": 1,
            "credit_specification": [
              {
                "cpu_credits": "standard"
              }
            ],
            "disable_api_termination": true,
            "ebs_block_device": [],
            "ebs_optimized": false,
            "ephemeral_block_device": [],
            "get_password_data": false,
            "host_id": null,
            "iam_instance_profile": "",
            "id": "i-0f9de35127acf4cd8",
            "instance_initiated_shutdown_behavior": null,
            "instance_state": "running",
            "instance_type": "t2.micro",
            "ipv6_address_count": 0,
            "ipv6_addresses": [],
            "key_name": "SI_KEYPAIR",
            "monitoring": false,
            "network_interface": [],
            "network_interface_id": null,
            "password_data": "",
            "placement_group": "",
            "primary_network_interface_id": "eni-00404abb05b91544b",
            "private_dns": "ip-192-168-0-62.eu-west-1.compute.internal",
            "private_ip": "192.168.0.62",
            "public_dns": "ec2-34-254-228-42.eu-west-1.compute.amazonaws.com",
            "public_ip": "34.254.228.42",
            "root_block_device": [
              {
                "delete_on_termination": true,
                "encrypted": false,
                "iops": 100,
                "kms_key_id": "",
                "volume_id": "vol-0f7d968cdbc14acfd",
                "volume_size": 8,
                "volume_type": "gp2"
              }
            ],
            "security_groups": [],
            "source_dest_check": true,
            "subnet_id": "subnet-0b1908983aeafed95",
            "tags": {
              "Name": "SI_SERVER"
            },
            "tenancy": "default",
            "timeouts": null,
            "user_data": null,
            "user_data_base64": null,
            "volume_tags": {},
            "vpc_security_group_ids": [
              "sg-0ff12ec8ce1920f76"
            ]
          },
          "private": "eyJlMmJmYjczMC1lY2FhLTExZTYtOGY4OC0zNDM2M2JjN2M0YzAiOnsiY3JlYXRlIjo2MDAwMDAwMDAwMDAsImRlbGV0ZSI6MTIwMDAwMDAwMDAwMCwidXBkYXRlIjo2MDAwMDAwMDAwMDB9LCJzY2hlbWFfdmVyc2lvbiI6IjEifQ==",
          "depends_on": [
            "aws_key_pair.SI_KEYPAIR",
            "aws_subnet.SI_SUBNET_PUBLIC_1b"
          ]
        }
      ]
    },
    {
      "mode": "managed",
      "type": "aws_internet_gateway",
      "name": "SI_IGW",
      "provider": "provider.aws",
      "instances": [
        {
          "schema_version": 0,
          "attributes": {
            "id": "igw-04584774768146c79",
            "owner_id": "861019856428",
            "tags": {
              "Name": "SI_IGW"
            },
            "vpc_id": "vpc-0ff868b2d1887a65c"
          },
          "private": "bnVsbA==",
          "depends_on": [
            "aws_vpc.SI_VPC"
          ]
        }
      ]
    },
    {
      "mode": "managed",
      "type": "aws_key_pair",
      "name": "SI_KEYPAIR",
      "provider": "provider.aws",
      "instances": [
        {
          "schema_version": 1,
          "attributes": {
            "fingerprint": "c7:f1:76:76:ff:4e:e3:8e:71:7c:0c:fe:3d:f3:de:14",
            "id": "SI_KEYPAIR",
            "key_name": "SI_KEYPAIR",
            "key_name_prefix": null,
            "public_key": "ssh-rsa AAAAB3NzaC1yc2EAAAADAQABAAABAQDAPMuzMwbYekoRtsTud6IHsvG4QBiDsqxRNEsdBZXj1LGp8HuL9/foxKWmHyOKC1dd7UvVR/MO90BgbAcLdx37tyBn+uwqR5jiO8f5Tt4XOHMyUdm8cg0tK9JExmDO9wgPHvfaF3oZyOmPAtcPzH64NIJu2/8far589NPUvnG/MItaJ7u8YVhxqdK3680zGSCjoA085j4rGxj9icjYZguIBIC07ZJHSppjRBdKVvdWLnnJzuGYLmd+b9RcDhs55T9EQMdz9Yq9+zp3MLgurK65GQUqMvRgOGwWhZqM6lF8bBHxhrQBHTyElkATz2rcyvF5aJnu7Na3UXpbwjqr/a29 test@controller"
          },
          "private": "eyJzY2hlbWFfdmVyc2lvbiI6IjEifQ=="
        }
      ]
    },
    {
      "mode": "managed",
      "type": "aws_route_table",
      "name": "SI_PUBLIC_RT",
      "provider": "provider.aws",
      "instances": [
        {
          "schema_version": 0,
          "attributes": {
            "id": "rtb-04fea07ae870db96b",
            "owner_id": "861019856428",
            "propagating_vgws": [],
            "route": [
              {
                "cidr_block": "0.0.0.0/0",
                "egress_only_gateway_id": "",
                "gateway_id": "igw-04584774768146c79",
                "instance_id": "",
                "ipv6_cidr_block": "",
                "nat_gateway_id": "",
                "network_interface_id": "",
                "transit_gateway_id": "",
                "vpc_peering_connection_id": ""
              }
            ],
            "tags": {
              "Name": "SI_PUBLIC_RT"
            },
            "vpc_id": "vpc-0ff868b2d1887a65c"
          },
          "private": "bnVsbA==",
          "depends_on": [
            "aws_internet_gateway.SI_IGW",
            "aws_vpc.SI_VPC"
          ]
        }
      ]
    },
    {
      "mode": "managed",
      "type": "aws_route_table_association",
      "name": "SI_PUBLIC_RT_ASS",
      "provider": "provider.aws",
      "instances": [
        {
          "schema_version": 0,
          "attributes": {
            "id": "rtbassoc-00f7d64ffe155558c",
            "route_table_id": "rtb-04fea07ae870db96b",
            "subnet_id": "subnet-0b1908983aeafed95"
          },
          "private": "bnVsbA==",
          "depends_on": [
            "aws_route_table.SI_PUBLIC_RT",
            "aws_subnet.SI_SUBNET_PUBLIC_1b"
          ]
        }
      ]
    },
    {
      "mode": "managed",
      "type": "aws_subnet",
      "name": "SI_SUBNET_PUBLIC_1b",
      "provider": "provider.aws",
      "instances": [
        {
          "schema_version": 1,
          "attributes": {
            "arn": "arn:aws:ec2:eu-west-1:861019856428:subnet/subnet-0b1908983aeafed95",
            "assign_ipv6_address_on_creation": false,
            "availability_zone": "eu-west-1b",
            "availability_zone_id": "euw1-az3",
            "cidr_block": "192.168.0.0/26",
            "id": "subnet-0b1908983aeafed95",
            "ipv6_cidr_block": "",
            "ipv6_cidr_block_association_id": "",
            "map_public_ip_on_launch": true,
            "owner_id": "861019856428",
            "tags": {
              "Name": "SI-subnet-public-1b"
            },
            "timeouts": null,
            "vpc_id": "vpc-0ff868b2d1887a65c"
          },
          "private": "eyJlMmJmYjczMC1lY2FhLTExZTYtOGY4OC0zNDM2M2JjN2M0YzAiOnsiY3JlYXRlIjo2MDAwMDAwMDAwMDAsImRlbGV0ZSI6MTIwMDAwMDAwMDAwMH0sInNjaGVtYV92ZXJzaW9uIjoiMSJ9",
          "depends_on": [
            "aws_vpc.SI_VPC"
          ]
        }
      ]
    },
    {
      "mode": "managed",
      "type": "aws_vpc",
      "name": "SI_VPC",
      "provider": "provider.aws",
      "instances": [
        {
          "schema_version": 1,
          "attributes": {
            "arn": "arn:aws:ec2:eu-west-1:861019856428:vpc/vpc-0ff868b2d1887a65c",
            "assign_generated_ipv6_cidr_block": false,
            "cidr_block": "192.168.0.0/24",
            "default_network_acl_id": "acl-09c76de07aae5b481",
            "default_route_table_id": "rtb-05e3a1e28034cc818",
            "default_security_group_id": "sg-0ff12ec8ce1920f76",
            "dhcp_options_id": "dopt-76e19c11",
            "enable_classiclink": false,
            "enable_classiclink_dns_support": false,
            "enable_dns_hostnames": true,
            "enable_dns_support": true,
            "id": "vpc-0ff868b2d1887a65c",
            "instance_tenancy": "default",
            "ipv6_association_id": "",
            "ipv6_cidr_block": "",
            "main_route_table_id": "rtb-05e3a1e28034cc818",
            "owner_id": "861019856428",
            "tags": {
              "Name": "SI_VPC"
            }
          },
          "private": "eyJzY2hlbWFfdmVyc2lvbiI6IjEifQ=="
        }
      ]
    }
  ]
}
